
Microsoft Visual Studio Solution File, Format Version 12.00
# Visual Studio Version 16
VisualStudioVersion = 16.0.29503.13
MinimumVisualStudioVersion = 10.0.40219.1
Project("{8BC9CEB8-8B4A-11D0-8D11-00A0C91BC942}") = "BDSJSRunner", "BDSJSRunner\BDSJSRunner.vcxproj", "{AF01B71E-99C6-4B35-9AD8-2DF9227A730D}"
EndProject
Global
	GlobalSection(SolutionConfigurationPlatforms) = preSolution
		Release|x64 = Release|x64
	EndGlobalSection
	GlobalSection(ProjectConfigurationPlatforms) = postSolution
		{AF01B71E-99C6-4B35-9AD8-2DF9227A730D}.Release|x64.ActiveCfg = Release|x64
		{AF01B71E-99C6-4B35-9AD8-2DF9227A730D}.Release|x64.Build.0 = Release|x64
	EndGlobalSection
	GlobalSection(SolutionProperties) = preSolution
		HideSolutionNode = FALSE
	EndGlobalSection
	GlobalSection(ExtensibilityGlobals) = postSolution
		SolutionGuid = {953BC28C-83C9-4D3E-BECB-581C6097C002}
	EndGlobalSection
EndGlobal
